// !$*UTF8*$!
{
	archiveVersion = 1;
	classes = {
	};
	objectVersion = 51;
	objects = {

/* Begin PBXBuildFile section */
		0014E80F792966285A5A0BD5 /* Bindable+UITabBarController.swift in Sources */ = {isa = PBXBuildFile; fileRef = E67055753899294DE0EC1937 /* Bindable+UITabBarController.swift */; };
		01E5833DB935E59214FC2136 /* OutputTests.swift in Sources */ = {isa = PBXBuildFile; fileRef = F37E541BF3AF26462B57BAF0 /* OutputTests.swift */; };
		09C97810D516C764A809157B /* Bind.framework in Embed Frameworks */ = {isa = PBXBuildFile; fileRef = FE2FBD83FC521B3DF7C7D58A /* Bind.framework */; settings = {ATTRIBUTES = (CodeSignOnCopy, RemoveHeadersOnCopy, ); }; };
		0A920FECAE068974826139B5 /* Output.swift in Sources */ = {isa = PBXBuildFile; fileRef = 3DDA90802ED919DAACC99253 /* Output.swift */; };
		0AF92A8DD7524AA8424B0F69 /* Bind.framework in Frameworks */ = {isa = PBXBuildFile; fileRef = FE2FBD83FC521B3DF7C7D58A /* Bind.framework */; };
		0CFF86D7A18A5931DA443039 /* Bindable+UITabBar.swift in Sources */ = {isa = PBXBuildFile; fileRef = 1397A96B88FD8D77EED899B1 /* Bindable+UITabBar.swift */; };
		0DA9C3D0F120BD02D2CE2CAF /* Output.swift in Sources */ = {isa = PBXBuildFile; fileRef = 3DDA90802ED919DAACC99253 /* Output.swift */; };
		0EB23076233B801500C5B7CB /* Bindable+WKWebView.swift in Sources */ = {isa = PBXBuildFile; fileRef = 0EB23075233B801500C5B7CB /* Bindable+WKWebView.swift */; };
		0EB23077233B801500C5B7CB /* Bindable+WKWebView.swift in Sources */ = {isa = PBXBuildFile; fileRef = 0EB23075233B801500C5B7CB /* Bindable+WKWebView.swift */; };
		0EB23078233B801500C5B7CB /* Bindable+WKWebView.swift in Sources */ = {isa = PBXBuildFile; fileRef = 0EB23075233B801500C5B7CB /* Bindable+WKWebView.swift */; };
		0EB23079233B801500C5B7CB /* Bindable+WKWebView.swift in Sources */ = {isa = PBXBuildFile; fileRef = 0EB23075233B801500C5B7CB /* Bindable+WKWebView.swift */; };
		12975D55C4A04954247EDA63 /* Relay.swift in Sources */ = {isa = PBXBuildFile; fileRef = 32482625AD59C787BA656EA9 /* Relay.swift */; };
		16A74E3909561470C3EABEB3 /* Bindable+UILabel.swift in Sources */ = {isa = PBXBuildFile; fileRef = 1E8B8A3AE507973B94E0E2A1 /* Bindable+UILabel.swift */; };
		16B22C259512A6A4DB492648 /* BindableMock.swift in Sources */ = {isa = PBXBuildFile; fileRef = DBCF98045AC9F17CD5EF1563 /* BindableMock.swift */; };
		195CCADA3A98DB436ED87026 /* Bindable+UIPageControl.swift in Sources */ = {isa = PBXBuildFile; fileRef = 07C9A79B13F8E8757056BC49 /* Bindable+UIPageControl.swift */; };
		1B34DCB8489C4742C3E741F0 /* Binder.swift in Sources */ = {isa = PBXBuildFile; fileRef = AAC86018CB4D8A0C09811160 /* Binder.swift */; };
		1DB68B189147E165DF6BB137 /* OutputTests.swift in Sources */ = {isa = PBXBuildFile; fileRef = F37E541BF3AF26462B57BAF0 /* OutputTests.swift */; };
		23ED5475B3FF87CBAF7B1701 /* Output+Extension.swift in Sources */ = {isa = PBXBuildFile; fileRef = 2425FC75B8AD6ADF29DDB687 /* Output+Extension.swift */; };
		28AB432723BFCC656F66C488 /* BindableMock.swift in Sources */ = {isa = PBXBuildFile; fileRef = DBCF98045AC9F17CD5EF1563 /* BindableMock.swift */; };
		2B33B8AA6FB604B75E1038EF /* Bindable+UIControl.swift in Sources */ = {isa = PBXBuildFile; fileRef = 4942663303E9CBE59E3B4530 /* Bindable+UIControl.swift */; };
		2B60913E3707890204F2F6DF /* Bind.framework in Embed Frameworks */ = {isa = PBXBuildFile; fileRef = A0EFACDD491A2047FE3D4814 /* Bind.framework */; settings = {ATTRIBUTES = (CodeSignOnCopy, RemoveHeadersOnCopy, ); }; };
		2D1C7E116D41AC6269445022 /* BindableMock.swift in Sources */ = {isa = PBXBuildFile; fileRef = DBCF98045AC9F17CD5EF1563 /* BindableMock.swift */; };
		324DAEC405E4E996EE0B37E3 /* Bindable+UISegmentedControl.swift in Sources */ = {isa = PBXBuildFile; fileRef = B023C1C41770B45A76264BE6 /* Bindable+UISegmentedControl.swift */; };
		327ECA48E5FC21CDBE38BF59 /* Bindable+UIButton.swift in Sources */ = {isa = PBXBuildFile; fileRef = B2F7896317935838D7E5621F /* Bindable+UIButton.swift */; };
		32E4D37CE5094C0784B059B8 /* Bindable+UILabel.swift in Sources */ = {isa = PBXBuildFile; fileRef = 1E8B8A3AE507973B94E0E2A1 /* Bindable+UILabel.swift */; };
		33DDE4106DE00BFD070D7B17 /* Bindable+UIActivityIndicatorView.swift in Sources */ = {isa = PBXBuildFile; fileRef = 123B88BAEC15153FF30DDF5E /* Bindable+UIActivityIndicatorView.swift */; };
		34389F1283B25879C8C6425F /* Bindable+UISegmentedControl.swift in Sources */ = {isa = PBXBuildFile; fileRef = B023C1C41770B45A76264BE6 /* Bindable+UISegmentedControl.swift */; };
		359FE04CC2D3E4397ACD4A77 /* Bindable+UINavigationItem.swift in Sources */ = {isa = PBXBuildFile; fileRef = 1E6726D9B070B7961E9E60F8 /* Bindable+UINavigationItem.swift */; };
		381234946AA8A6C9307AC0C9 /* Bindable+UINavigationItem.swift in Sources */ = {isa = PBXBuildFile; fileRef = 1E6726D9B070B7961E9E60F8 /* Bindable+UINavigationItem.swift */; };
		38A81DFE0B87A791E31218AC /* Bindable+UISearchBar.swift in Sources */ = {isa = PBXBuildFile; fileRef = 0EFE7C85A16ABA965037F833 /* Bindable+UISearchBar.swift */; };
		3B66674593E48058F99877A3 /* Bindable+UISearchBar.swift in Sources */ = {isa = PBXBuildFile; fileRef = 0EFE7C85A16ABA965037F833 /* Bindable+UISearchBar.swift */; };
		3C920A1AEE1B3B4463C573B5 /* Bindable+UITabBar.swift in Sources */ = {isa = PBXBuildFile; fileRef = 1397A96B88FD8D77EED899B1 /* Bindable+UITabBar.swift */; };
		3DCEF812BDE49F45A34EBF54 /* Bindable+UITabBar.swift in Sources */ = {isa = PBXBuildFile; fileRef = 1397A96B88FD8D77EED899B1 /* Bindable+UITabBar.swift */; };
		3DF39D79269B68404056F9F0 /* Bindable+UINavigationItem.swift in Sources */ = {isa = PBXBuildFile; fileRef = 1E6726D9B070B7961E9E60F8 /* Bindable+UINavigationItem.swift */; };
		4013160F0DA927102E0A4028 /* PrinterMock.swift in Sources */ = {isa = PBXBuildFile; fileRef = 643F9E946B7E3D2F8E2975BD /* PrinterMock.swift */; };
		41B2CFF1147DB924DB2F7238 /* Bindable+UILabel.swift in Sources */ = {isa = PBXBuildFile; fileRef = 1E8B8A3AE507973B94E0E2A1 /* Bindable+UILabel.swift */; };
		42DCB57764A902476445A1ED /* OutputTests.swift in Sources */ = {isa = PBXBuildFile; fileRef = F37E541BF3AF26462B57BAF0 /* OutputTests.swift */; };
		49E0D1227B1320BE23158F90 /* Bindable+UITextField.swift in Sources */ = {isa = PBXBuildFile; fileRef = 027C192FC1BC3411C3AEB629 /* Bindable+UITextField.swift */; };
		4A3D96DE7A62AD7FAE8A103A /* Bindable+NSLayoutConstraint.swift in Sources */ = {isa = PBXBuildFile; fileRef = FCC8C0368846079A6AB4E3A8 /* Bindable+NSLayoutConstraint.swift */; };
		51276A88F751D64318F272D8 /* Bindable+UISegmentedControl.swift in Sources */ = {isa = PBXBuildFile; fileRef = B023C1C41770B45A76264BE6 /* Bindable+UISegmentedControl.swift */; };
		562A94E94F361F6EA44A9834 /* Bindable+UITextField.swift in Sources */ = {isa = PBXBuildFile; fileRef = 027C192FC1BC3411C3AEB629 /* Bindable+UITextField.swift */; };
		5696E9B59A1197EBE815781C /* Bindable+UIGestureRecognizer.swift in Sources */ = {isa = PBXBuildFile; fileRef = 6CC3A366761CF271F4BB17DD /* Bindable+UIGestureRecognizer.swift */; };
		58F2321A905E0CD954B577CC /* Binder.swift in Sources */ = {isa = PBXBuildFile; fileRef = AAC86018CB4D8A0C09811160 /* Binder.swift */; };
		5BF10602150D7587D257F1D5 /* Subscription.swift in Sources */ = {isa = PBXBuildFile; fileRef = B5D15DAC79B1AC76785DF873 /* Subscription.swift */; };
		5DC6E2A746E8EA130007491F /* Bindable+UIControl.swift in Sources */ = {isa = PBXBuildFile; fileRef = 4942663303E9CBE59E3B4530 /* Bindable+UIControl.swift */; };
		5E42521AE19CE9F10768CC17 /* Bindable+UISwitch.swift in Sources */ = {isa = PBXBuildFile; fileRef = 66860ED5F6906D0D3E251DA8 /* Bindable+UISwitch.swift */; };
		5FB376279DC7ECCBB8B0D36A /* Bindable+UIActivityIndicatorView.swift in Sources */ = {isa = PBXBuildFile; fileRef = 123B88BAEC15153FF30DDF5E /* Bindable+UIActivityIndicatorView.swift */; };
		62DB1732B2AD881D8D6DD762 /* Subscription.swift in Sources */ = {isa = PBXBuildFile; fileRef = B5D15DAC79B1AC76785DF873 /* Subscription.swift */; };
		637549C2D38B6A9E34E3C05E /* Output+Extension.swift in Sources */ = {isa = PBXBuildFile; fileRef = 2425FC75B8AD6ADF29DDB687 /* Output+Extension.swift */; };
		6C89FD65903E3C9BFEFB8566 /* Bindable+UIViewController.swift in Sources */ = {isa = PBXBuildFile; fileRef = 87BCBA1C96D1499A2368C6C4 /* Bindable+UIViewController.swift */; };
		6E66460B09EB276CFC02552F /* Binder.swift in Sources */ = {isa = PBXBuildFile; fileRef = AAC86018CB4D8A0C09811160 /* Binder.swift */; };
		6F644F4AF6D7A0CEEA35985A /* Bindable+UITextField.swift in Sources */ = {isa = PBXBuildFile; fileRef = 027C192FC1BC3411C3AEB629 /* Bindable+UITextField.swift */; };
		6F853E9E0052D86B01B6F4F3 /* OutputTests.swift in Sources */ = {isa = PBXBuildFile; fileRef = F37E541BF3AF26462B57BAF0 /* OutputTests.swift */; };
		717B0255BF2FC2896C38FE10 /* Subscription.swift in Sources */ = {isa = PBXBuildFile; fileRef = B5D15DAC79B1AC76785DF873 /* Subscription.swift */; };
		733A22C87BFD19E44079AAD2 /* Bindable+UIButton.swift in Sources */ = {isa = PBXBuildFile; fileRef = B2F7896317935838D7E5621F /* Bindable+UIButton.swift */; };
		7944093D5AE963218BC63113 /* Bindable+UIView.swift in Sources */ = {isa = PBXBuildFile; fileRef = B4A119B08E34E14B858E97F1 /* Bindable+UIView.swift */; };
		7C7FA062E2CD362FB1DA5285 /* Subscription.swift in Sources */ = {isa = PBXBuildFile; fileRef = B5D15DAC79B1AC76785DF873 /* Subscription.swift */; };
		7E647D9C2C0EF0C371E33400 /* Bindable+UIImageView.swift in Sources */ = {isa = PBXBuildFile; fileRef = 8C9B94AF56A71DFBCA50413B /* Bindable+UIImageView.swift */; };
		803EFBE2121F0F2887A9652B /* Bindable+UITabBar.swift in Sources */ = {isa = PBXBuildFile; fileRef = 1397A96B88FD8D77EED899B1 /* Bindable+UITabBar.swift */; };
		812CDA7052B612388268AA65 /* Bindable+UISwitch.swift in Sources */ = {isa = PBXBuildFile; fileRef = 66860ED5F6906D0D3E251DA8 /* Bindable+UISwitch.swift */; };
		82A3BE668A9A1F660BD8F9C7 /* Bindable+UIControl.swift in Sources */ = {isa = PBXBuildFile; fileRef = 4942663303E9CBE59E3B4530 /* Bindable+UIControl.swift */; };
		8755A73D23479B5700C8AD07 /* BindableTestsUIKit.swift in Sources */ = {isa = PBXBuildFile; fileRef = 8755A73C23479B5700C8AD07 /* BindableTestsUIKit.swift */; };
		8755A73F2347A88D00C8AD07 /* RelayTests.swift in Sources */ = {isa = PBXBuildFile; fileRef = 8755A73E2347A88D00C8AD07 /* RelayTests.swift */; };
		8755A7412347A92500C8AD07 /* SubscriptionTests.swift in Sources */ = {isa = PBXBuildFile; fileRef = 8755A7402347A92500C8AD07 /* SubscriptionTests.swift */; };
		8755A7422347A93400C8AD07 /* SubscriptionTests.swift in Sources */ = {isa = PBXBuildFile; fileRef = 8755A7402347A92500C8AD07 /* SubscriptionTests.swift */; };
		8755A7432347A93400C8AD07 /* SubscriptionTests.swift in Sources */ = {isa = PBXBuildFile; fileRef = 8755A7402347A92500C8AD07 /* SubscriptionTests.swift */; };
		8755A7442347A93500C8AD07 /* SubscriptionTests.swift in Sources */ = {isa = PBXBuildFile; fileRef = 8755A7402347A92500C8AD07 /* SubscriptionTests.swift */; };
		8755A7452347A93700C8AD07 /* RelayTests.swift in Sources */ = {isa = PBXBuildFile; fileRef = 8755A73E2347A88D00C8AD07 /* RelayTests.swift */; };
		8755A7462347A93800C8AD07 /* RelayTests.swift in Sources */ = {isa = PBXBuildFile; fileRef = 8755A73E2347A88D00C8AD07 /* RelayTests.swift */; };
		8755A7472347A93800C8AD07 /* RelayTests.swift in Sources */ = {isa = PBXBuildFile; fileRef = 8755A73E2347A88D00C8AD07 /* RelayTests.swift */; };
		8755A7482347A93E00C8AD07 /* BindableTestsUIKit.swift in Sources */ = {isa = PBXBuildFile; fileRef = 8755A73C23479B5700C8AD07 /* BindableTestsUIKit.swift */; };
		8774D75FE1168D2F1D4CE056 /* Bindable+UIImageView.swift in Sources */ = {isa = PBXBuildFile; fileRef = 8C9B94AF56A71DFBCA50413B /* Bindable+UIImageView.swift */; };
		8916D29F0AEF2B864EED6B53 /* Bindable+UILabel.swift in Sources */ = {isa = PBXBuildFile; fileRef = 1E8B8A3AE507973B94E0E2A1 /* Bindable+UILabel.swift */; };
		8A9566D706D206E76327E3DB /* Bindable+NSLayoutConstraint.swift in Sources */ = {isa = PBXBuildFile; fileRef = FCC8C0368846079A6AB4E3A8 /* Bindable+NSLayoutConstraint.swift */; };
		9015E14D3A62FB45789219B3 /* Bindable+UIImageView.swift in Sources */ = {isa = PBXBuildFile; fileRef = 8C9B94AF56A71DFBCA50413B /* Bindable+UIImageView.swift */; };
		9320C85A024298682EE5EB24 /* Bindable+UIActivityIndicatorView.swift in Sources */ = {isa = PBXBuildFile; fileRef = 123B88BAEC15153FF30DDF5E /* Bindable+UIActivityIndicatorView.swift */; };
		9A39C0AAE8EEE138E29862EB /* Bindable+UISearchBar.swift in Sources */ = {isa = PBXBuildFile; fileRef = 0EFE7C85A16ABA965037F833 /* Bindable+UISearchBar.swift */; };
		9D059CF3C7783B55F63C17CB /* BindableMock.swift in Sources */ = {isa = PBXBuildFile; fileRef = DBCF98045AC9F17CD5EF1563 /* BindableMock.swift */; };
		9E3F9C519BDF52F59CEE559D /* Bindable+UIGestureRecognizer.swift in Sources */ = {isa = PBXBuildFile; fileRef = 6CC3A366761CF271F4BB17DD /* Bindable+UIGestureRecognizer.swift */; };
		9F1B1E2534DF633A17B19C3F /* Bindable+UIGestureRecognizer.swift in Sources */ = {isa = PBXBuildFile; fileRef = 6CC3A366761CF271F4BB17DD /* Bindable+UIGestureRecognizer.swift */; };
		9F1C8776143143FE7E7260E2 /* Bindable+UIImageView.swift in Sources */ = {isa = PBXBuildFile; fileRef = 8C9B94AF56A71DFBCA50413B /* Bindable+UIImageView.swift */; };
		9FFA62A970CAE124C1640803 /* Bindable+UIView.swift in Sources */ = {isa = PBXBuildFile; fileRef = B4A119B08E34E14B858E97F1 /* Bindable+UIView.swift */; };
		A5CF6F52DE7E16472B52DC01 /* Bindable+UIButton.swift in Sources */ = {isa = PBXBuildFile; fileRef = B2F7896317935838D7E5621F /* Bindable+UIButton.swift */; };
		A65B3B60DCAD241D17BD8B37 /* Bind.framework in Embed Frameworks */ = {isa = PBXBuildFile; fileRef = 0165DC94BFE99BD3D3A96707 /* Bind.framework */; settings = {ATTRIBUTES = (CodeSignOnCopy, RemoveHeadersOnCopy, ); }; };
		A8428486B13DF705F151FDD6 /* PrinterMock.swift in Sources */ = {isa = PBXBuildFile; fileRef = 643F9E946B7E3D2F8E2975BD /* PrinterMock.swift */; };
		A92EDEB1E9489989D2686951 /* Bindable+NSLayoutConstraint.swift in Sources */ = {isa = PBXBuildFile; fileRef = FCC8C0368846079A6AB4E3A8 /* Bindable+NSLayoutConstraint.swift */; };
		AC6B4BF4F9F90DF28EE1D993 /* Bindable+UISegmentedControl.swift in Sources */ = {isa = PBXBuildFile; fileRef = B023C1C41770B45A76264BE6 /* Bindable+UISegmentedControl.swift */; };
		AF065688C6FD6F74263EAF52 /* Bindable+UIView.swift in Sources */ = {isa = PBXBuildFile; fileRef = B4A119B08E34E14B858E97F1 /* Bindable+UIView.swift */; };
		AF0A59D29E51E7C7B3E2D2F4 /* Bindable+UIControl.swift in Sources */ = {isa = PBXBuildFile; fileRef = 4942663303E9CBE59E3B4530 /* Bindable+UIControl.swift */; };
		AFD4400353740182A71996D5 /* Bindable+UIGestureRecognizer.swift in Sources */ = {isa = PBXBuildFile; fileRef = 6CC3A366761CF271F4BB17DD /* Bindable+UIGestureRecognizer.swift */; };
		B21C659CC8B497B23933765D /* Bindable+UITabBarController.swift in Sources */ = {isa = PBXBuildFile; fileRef = E67055753899294DE0EC1937 /* Bindable+UITabBarController.swift */; };
		B256C1A61CA1781C26FF374F /* Bindable+UISwitch.swift in Sources */ = {isa = PBXBuildFile; fileRef = 66860ED5F6906D0D3E251DA8 /* Bindable+UISwitch.swift */; };
		B2F17517C02280E124365964 /* Bindable+UIViewController.swift in Sources */ = {isa = PBXBuildFile; fileRef = 87BCBA1C96D1499A2368C6C4 /* Bindable+UIViewController.swift */; };
		B520F71B4AF84422A700BFB7 /* Output.swift in Sources */ = {isa = PBXBuildFile; fileRef = 3DDA90802ED919DAACC99253 /* Output.swift */; };
		B603ED1DF83FB4467FB9B868 /* Output+Extension.swift in Sources */ = {isa = PBXBuildFile; fileRef = 2425FC75B8AD6ADF29DDB687 /* Output+Extension.swift */; };
		B67C9FC3CB2F4BDC7492C016 /* Bindable+UIButton.swift in Sources */ = {isa = PBXBuildFile; fileRef = B2F7896317935838D7E5621F /* Bindable+UIButton.swift */; };
		B8231FC7DF432A62B8B3C94A /* Bindable+UIPageControl.swift in Sources */ = {isa = PBXBuildFile; fileRef = 07C9A79B13F8E8757056BC49 /* Bindable+UIPageControl.swift */; };
		BCB2A22669C71EE07420860D /* Output.swift in Sources */ = {isa = PBXBuildFile; fileRef = 3DDA90802ED919DAACC99253 /* Output.swift */; };
		BE26B215DE2DEF86CEEFD01F /* Bindable+UIViewController.swift in Sources */ = {isa = PBXBuildFile; fileRef = 87BCBA1C96D1499A2368C6C4 /* Bindable+UIViewController.swift */; };
		C550A92F71F622DD916ABFA5 /* Relay.swift in Sources */ = {isa = PBXBuildFile; fileRef = 32482625AD59C787BA656EA9 /* Relay.swift */; };
		C6FDF7E5361C41F4E100F412 /* Bindable+UITabBarController.swift in Sources */ = {isa = PBXBuildFile; fileRef = E67055753899294DE0EC1937 /* Bindable+UITabBarController.swift */; };
		CA52243942CC4D80E4BA7F15 /* Bindable+UIViewController.swift in Sources */ = {isa = PBXBuildFile; fileRef = 87BCBA1C96D1499A2368C6C4 /* Bindable+UIViewController.swift */; };
		CA7A53C664F62B9EC7B2A699 /* Bind.framework in Frameworks */ = {isa = PBXBuildFile; fileRef = 573E0E19C014B4EE5106A0F2 /* Bind.framework */; };
		CA904F05BE382CC76B44095F /* Bindable+UITextField.swift in Sources */ = {isa = PBXBuildFile; fileRef = 027C192FC1BC3411C3AEB629 /* Bindable+UITextField.swift */; };
		CDFB4A00364647984BE046C8 /* Bindable+UIPageControl.swift in Sources */ = {isa = PBXBuildFile; fileRef = 07C9A79B13F8E8757056BC49 /* Bindable+UIPageControl.swift */; };
		D1F3181CEA54A07991FFB490 /* Bindable+UISwitch.swift in Sources */ = {isa = PBXBuildFile; fileRef = 66860ED5F6906D0D3E251DA8 /* Bindable+UISwitch.swift */; };
		D9A6EABC8BFFC9CFA74B6D13 /* Bindable+NSLayoutConstraint.swift in Sources */ = {isa = PBXBuildFile; fileRef = FCC8C0368846079A6AB4E3A8 /* Bindable+NSLayoutConstraint.swift */; };
		DD9CFC9A187ABDA4FB5CF470 /* Bindable+UIPageControl.swift in Sources */ = {isa = PBXBuildFile; fileRef = 07C9A79B13F8E8757056BC49 /* Bindable+UIPageControl.swift */; };
		DEEB7E76CA6E133DCE59BD82 /* PrinterMock.swift in Sources */ = {isa = PBXBuildFile; fileRef = 643F9E946B7E3D2F8E2975BD /* PrinterMock.swift */; };
		E034DB6AE8ABF274E26E6EA0 /* Binder.swift in Sources */ = {isa = PBXBuildFile; fileRef = AAC86018CB4D8A0C09811160 /* Binder.swift */; };
		E3EC35183CE97DB93EF3C03D /* Bindable+UITabBarController.swift in Sources */ = {isa = PBXBuildFile; fileRef = E67055753899294DE0EC1937 /* Bindable+UITabBarController.swift */; };
		E574F30A7FB1979681593ED8 /* Relay.swift in Sources */ = {isa = PBXBuildFile; fileRef = 32482625AD59C787BA656EA9 /* Relay.swift */; };
		E9CB9F4E0E529C66BE9D9E96 /* Relay.swift in Sources */ = {isa = PBXBuildFile; fileRef = 32482625AD59C787BA656EA9 /* Relay.swift */; };
		F00ADB5F67FDA2285DEE1CFB /* Bind.framework in Embed Frameworks */ = {isa = PBXBuildFile; fileRef = 573E0E19C014B4EE5106A0F2 /* Bind.framework */; settings = {ATTRIBUTES = (CodeSignOnCopy, RemoveHeadersOnCopy, ); }; };
		F37FB2DC1E254424AC2BAE03 /* Output+Extension.swift in Sources */ = {isa = PBXBuildFile; fileRef = 2425FC75B8AD6ADF29DDB687 /* Output+Extension.swift */; };
		F5413A858E91952D871D059C /* Bind.framework in Frameworks */ = {isa = PBXBuildFile; fileRef = 0165DC94BFE99BD3D3A96707 /* Bind.framework */; };
		F5D1EB844669593072D92813 /* Bindable+UINavigationItem.swift in Sources */ = {isa = PBXBuildFile; fileRef = 1E6726D9B070B7961E9E60F8 /* Bindable+UINavigationItem.swift */; };
		F788AA106AEF18EA67BB2F9F /* Bindable+UIActivityIndicatorView.swift in Sources */ = {isa = PBXBuildFile; fileRef = 123B88BAEC15153FF30DDF5E /* Bindable+UIActivityIndicatorView.swift */; };
		FBB9F4C238F1A766E8DF9417 /* Bind.framework in Frameworks */ = {isa = PBXBuildFile; fileRef = A0EFACDD491A2047FE3D4814 /* Bind.framework */; };
		FBF24AD8797A54817F724F1B /* PrinterMock.swift in Sources */ = {isa = PBXBuildFile; fileRef = 643F9E946B7E3D2F8E2975BD /* PrinterMock.swift */; };
		FCA3E90C3CF087E74F120579 /* Bindable+UISearchBar.swift in Sources */ = {isa = PBXBuildFile; fileRef = 0EFE7C85A16ABA965037F833 /* Bindable+UISearchBar.swift */; };
		FCAB2DA25CA76485679DD911 /* Bindable+UIView.swift in Sources */ = {isa = PBXBuildFile; fileRef = B4A119B08E34E14B858E97F1 /* Bindable+UIView.swift */; };
/* End PBXBuildFile section */

/* Begin PBXContainerItemProxy section */
		021A87B04739507787C1BF8D /* PBXContainerItemProxy */ = {
			isa = PBXContainerItemProxy;
			containerPortal = 56C63F0BCC335BE0DBA6D481 /* Project object */;
			proxyType = 1;
			remoteGlobalIDString = 65C41D17DA11C2079E83CE37;
			remoteInfo = Trigger_watchOS;
		};
		1E84A582B05C2A6FA350FBBC /* PBXContainerItemProxy */ = {
			isa = PBXContainerItemProxy;
			containerPortal = 56C63F0BCC335BE0DBA6D481 /* Project object */;
			proxyType = 1;
			remoteGlobalIDString = D4C95B095EB6D7C3F1E64735;
			remoteInfo = Trigger_macOS;
		};
		30A43DF452647C734FAA4116 /* PBXContainerItemProxy */ = {
			isa = PBXContainerItemProxy;
			containerPortal = 56C63F0BCC335BE0DBA6D481 /* Project object */;
			proxyType = 1;
			remoteGlobalIDString = 741338EC7820921882B999AA;
			remoteInfo = Trigger_iOS;
		};
		E0073BACA465D18C9A9FCE25 /* PBXContainerItemProxy */ = {
			isa = PBXContainerItemProxy;
			containerPortal = 56C63F0BCC335BE0DBA6D481 /* Project object */;
			proxyType = 1;
			remoteGlobalIDString = CBD293BB0FD6077C3660463B;
			remoteInfo = Trigger_tvOS;
		};
/* End PBXContainerItemProxy section */

/* Begin PBXCopyFilesBuildPhase section */
		122AFA28B29E7664AB22AC50 /* Embed Frameworks */ = {
			isa = PBXCopyFilesBuildPhase;
			buildActionMask = 2147483647;
			dstPath = "";
			dstSubfolderSpec = 10;
			files = (
				A65B3B60DCAD241D17BD8B37 /* Bind.framework in Embed Frameworks */,
			);
			name = "Embed Frameworks";
			runOnlyForDeploymentPostprocessing = 0;
		};
		8515607A36DBC0693EF04A9F /* Embed Frameworks */ = {
			isa = PBXCopyFilesBuildPhase;
			buildActionMask = 2147483647;
			dstPath = "";
			dstSubfolderSpec = 10;
			files = (
				F00ADB5F67FDA2285DEE1CFB /* Bind.framework in Embed Frameworks */,
			);
			name = "Embed Frameworks";
			runOnlyForDeploymentPostprocessing = 0;
		};
		BEB61564024974C3E143AAA0 /* Embed Frameworks */ = {
			isa = PBXCopyFilesBuildPhase;
			buildActionMask = 2147483647;
			dstPath = "";
			dstSubfolderSpec = 10;
			files = (
				2B60913E3707890204F2F6DF /* Bind.framework in Embed Frameworks */,
			);
			name = "Embed Frameworks";
			runOnlyForDeploymentPostprocessing = 0;
		};
		EE7AEDA3C2D526B3CFC3A52B /* Embed Frameworks */ = {
			isa = PBXCopyFilesBuildPhase;
			buildActionMask = 2147483647;
			dstPath = "";
			dstSubfolderSpec = 10;
			files = (
				09C97810D516C764A809157B /* Bind.framework in Embed Frameworks */,
			);
			name = "Embed Frameworks";
			runOnlyForDeploymentPostprocessing = 0;
		};
/* End PBXCopyFilesBuildPhase section */

/* Begin PBXFileReference section */
		0165DC94BFE99BD3D3A96707 /* Bind.framework */ = {isa = PBXFileReference; explicitFileType = wrapper.framework; includeInIndex = 0; path = Bind.framework; sourceTree = BUILT_PRODUCTS_DIR; };
		027C192FC1BC3411C3AEB629 /* Bindable+UITextField.swift */ = {isa = PBXFileReference; indentWidth = 4; lastKnownFileType = sourcecode.swift; path = "Bindable+UITextField.swift"; sourceTree = "<group>"; tabWidth = 4; };
		07C9A79B13F8E8757056BC49 /* Bindable+UIPageControl.swift */ = {isa = PBXFileReference; indentWidth = 4; lastKnownFileType = sourcecode.swift; path = "Bindable+UIPageControl.swift"; sourceTree = "<group>"; tabWidth = 4; };
		0EB23075233B801500C5B7CB /* Bindable+WKWebView.swift */ = {isa = PBXFileReference; indentWidth = 4; lastKnownFileType = sourcecode.swift; path = "Bindable+WKWebView.swift"; sourceTree = "<group>"; tabWidth = 4; };
		0EB2307A233BB2CC00C5B7CB /* Info.plist */ = {isa = PBXFileReference; fileEncoding = 4; lastKnownFileType = text.plist.xml; path = Info.plist; sourceTree = "<group>"; };
		0EFE7C85A16ABA965037F833 /* Bindable+UISearchBar.swift */ = {isa = PBXFileReference; indentWidth = 4; lastKnownFileType = sourcecode.swift; path = "Bindable+UISearchBar.swift"; sourceTree = "<group>"; tabWidth = 4; };
		123B88BAEC15153FF30DDF5E /* Bindable+UIActivityIndicatorView.swift */ = {isa = PBXFileReference; indentWidth = 4; lastKnownFileType = sourcecode.swift; path = "Bindable+UIActivityIndicatorView.swift"; sourceTree = "<group>"; tabWidth = 4; };
		1397A96B88FD8D77EED899B1 /* Bindable+UITabBar.swift */ = {isa = PBXFileReference; indentWidth = 4; lastKnownFileType = sourcecode.swift; path = "Bindable+UITabBar.swift"; sourceTree = "<group>"; tabWidth = 4; };
		1D43A8B1E435FD4D1A2E97F9 /* BindTests.xctest */ = {isa = PBXFileReference; explicitFileType = wrapper.cfbundle; includeInIndex = 0; path = BindTests.xctest; sourceTree = BUILT_PRODUCTS_DIR; };
		1E6726D9B070B7961E9E60F8 /* Bindable+UINavigationItem.swift */ = {isa = PBXFileReference; indentWidth = 4; lastKnownFileType = sourcecode.swift; path = "Bindable+UINavigationItem.swift"; sourceTree = "<group>"; tabWidth = 4; };
		1E8B8A3AE507973B94E0E2A1 /* Bindable+UILabel.swift */ = {isa = PBXFileReference; indentWidth = 4; lastKnownFileType = sourcecode.swift; path = "Bindable+UILabel.swift"; sourceTree = "<group>"; tabWidth = 4; };
		2425FC75B8AD6ADF29DDB687 /* Output+Extension.swift */ = {isa = PBXFileReference; indentWidth = 4; lastKnownFileType = sourcecode.swift; path = "Output+Extension.swift"; sourceTree = "<group>"; tabWidth = 4; };
		32482625AD59C787BA656EA9 /* Relay.swift */ = {isa = PBXFileReference; indentWidth = 4; lastKnownFileType = sourcecode.swift; path = Relay.swift; sourceTree = "<group>"; tabWidth = 4; };
		3DDA90802ED919DAACC99253 /* Output.swift */ = {isa = PBXFileReference; indentWidth = 4; lastKnownFileType = sourcecode.swift; path = Output.swift; sourceTree = "<group>"; tabWidth = 4; };
		4942663303E9CBE59E3B4530 /* Bindable+UIControl.swift */ = {isa = PBXFileReference; indentWidth = 4; lastKnownFileType = sourcecode.swift; path = "Bindable+UIControl.swift"; sourceTree = "<group>"; tabWidth = 4; };
		528A8BC5BC105E09FB2A15EC /* BindTests.xctest */ = {isa = PBXFileReference; explicitFileType = wrapper.cfbundle; includeInIndex = 0; path = BindTests.xctest; sourceTree = BUILT_PRODUCTS_DIR; };
		573E0E19C014B4EE5106A0F2 /* Bind.framework */ = {isa = PBXFileReference; explicitFileType = wrapper.framework; includeInIndex = 0; path = Bind.framework; sourceTree = BUILT_PRODUCTS_DIR; };
		643F9E946B7E3D2F8E2975BD /* PrinterMock.swift */ = {isa = PBXFileReference; indentWidth = 4; lastKnownFileType = sourcecode.swift; path = PrinterMock.swift; sourceTree = "<group>"; tabWidth = 4; };
		66860ED5F6906D0D3E251DA8 /* Bindable+UISwitch.swift */ = {isa = PBXFileReference; indentWidth = 4; lastKnownFileType = sourcecode.swift; path = "Bindable+UISwitch.swift"; sourceTree = "<group>"; tabWidth = 4; };
		6CC3A366761CF271F4BB17DD /* Bindable+UIGestureRecognizer.swift */ = {isa = PBXFileReference; indentWidth = 4; lastKnownFileType = sourcecode.swift; path = "Bindable+UIGestureRecognizer.swift"; sourceTree = "<group>"; tabWidth = 4; };
		8755A73C23479B5700C8AD07 /* BindableTestsUIKit.swift */ = {isa = PBXFileReference; indentWidth = 4; lastKnownFileType = sourcecode.swift; path = BindableTestsUIKit.swift; sourceTree = "<group>"; tabWidth = 4; };
		8755A73E2347A88D00C8AD07 /* RelayTests.swift */ = {isa = PBXFileReference; lastKnownFileType = sourcecode.swift; path = RelayTests.swift; sourceTree = "<group>"; };
		8755A7402347A92500C8AD07 /* SubscriptionTests.swift */ = {isa = PBXFileReference; lastKnownFileType = sourcecode.swift; path = SubscriptionTests.swift; sourceTree = "<group>"; };
		87BCBA1C96D1499A2368C6C4 /* Bindable+UIViewController.swift */ = {isa = PBXFileReference; indentWidth = 4; lastKnownFileType = sourcecode.swift; path = "Bindable+UIViewController.swift"; sourceTree = "<group>"; tabWidth = 4; };
		8C9B94AF56A71DFBCA50413B /* Bindable+UIImageView.swift */ = {isa = PBXFileReference; indentWidth = 4; lastKnownFileType = sourcecode.swift; path = "Bindable+UIImageView.swift"; sourceTree = "<group>"; tabWidth = 4; };
		91D93EE6FE99882FF6B5A4E3 /* BindTests.xctest */ = {isa = PBXFileReference; explicitFileType = wrapper.cfbundle; includeInIndex = 0; path = BindTests.xctest; sourceTree = BUILT_PRODUCTS_DIR; };
		A0EFACDD491A2047FE3D4814 /* Bind.framework */ = {isa = PBXFileReference; explicitFileType = wrapper.framework; includeInIndex = 0; path = Bind.framework; sourceTree = BUILT_PRODUCTS_DIR; };
		AAC86018CB4D8A0C09811160 /* Binder.swift */ = {isa = PBXFileReference; indentWidth = 4; lastKnownFileType = sourcecode.swift; path = Binder.swift; sourceTree = "<group>"; tabWidth = 4; };
		B023C1C41770B45A76264BE6 /* Bindable+UISegmentedControl.swift */ = {isa = PBXFileReference; indentWidth = 4; lastKnownFileType = sourcecode.swift; path = "Bindable+UISegmentedControl.swift"; sourceTree = "<group>"; tabWidth = 4; };
		B2381BE056DBA63EB6356D5C /* BindTests.xctest */ = {isa = PBXFileReference; explicitFileType = wrapper.cfbundle; includeInIndex = 0; path = BindTests.xctest; sourceTree = BUILT_PRODUCTS_DIR; };
		B2F7896317935838D7E5621F /* Bindable+UIButton.swift */ = {isa = PBXFileReference; indentWidth = 4; lastKnownFileType = sourcecode.swift; path = "Bindable+UIButton.swift"; sourceTree = "<group>"; tabWidth = 4; };
		B4A119B08E34E14B858E97F1 /* Bindable+UIView.swift */ = {isa = PBXFileReference; indentWidth = 4; lastKnownFileType = sourcecode.swift; path = "Bindable+UIView.swift"; sourceTree = "<group>"; tabWidth = 4; };
		B5D15DAC79B1AC76785DF873 /* Subscription.swift */ = {isa = PBXFileReference; indentWidth = 4; lastKnownFileType = sourcecode.swift; path = Subscription.swift; sourceTree = "<group>"; tabWidth = 4; };
		DBCF98045AC9F17CD5EF1563 /* BindableMock.swift */ = {isa = PBXFileReference; indentWidth = 4; lastKnownFileType = sourcecode.swift; path = BindableMock.swift; sourceTree = "<group>"; tabWidth = 4; };
		E67055753899294DE0EC1937 /* Bindable+UITabBarController.swift */ = {isa = PBXFileReference; indentWidth = 4; lastKnownFileType = sourcecode.swift; path = "Bindable+UITabBarController.swift"; sourceTree = "<group>"; tabWidth = 4; };
		F37E541BF3AF26462B57BAF0 /* OutputTests.swift */ = {isa = PBXFileReference; indentWidth = 4; lastKnownFileType = sourcecode.swift; path = OutputTests.swift; sourceTree = "<group>"; tabWidth = 4; };
		FCC8C0368846079A6AB4E3A8 /* Bindable+NSLayoutConstraint.swift */ = {isa = PBXFileReference; indentWidth = 4; lastKnownFileType = sourcecode.swift; path = "Bindable+NSLayoutConstraint.swift"; sourceTree = "<group>"; tabWidth = 4; };
		FE2FBD83FC521B3DF7C7D58A /* Bind.framework */ = {isa = PBXFileReference; explicitFileType = wrapper.framework; includeInIndex = 0; path = Bind.framework; sourceTree = BUILT_PRODUCTS_DIR; };
/* End PBXFileReference section */

/* Begin PBXFrameworksBuildPhase section */
		3857C57A19A2AE78C638FC60 /* Frameworks */ = {
			isa = PBXFrameworksBuildPhase;
			buildActionMask = 2147483647;
			files = (
				F5413A858E91952D871D059C /* Bind.framework in Frameworks */,
			);
			runOnlyForDeploymentPostprocessing = 0;
		};
		C74145061C75CDBBA870D736 /* Frameworks */ = {
			isa = PBXFrameworksBuildPhase;
			buildActionMask = 2147483647;
			files = (
				FBB9F4C238F1A766E8DF9417 /* Bind.framework in Frameworks */,
			);
			runOnlyForDeploymentPostprocessing = 0;
		};
		C9D58B709CD96238821FEFE6 /* Frameworks */ = {
			isa = PBXFrameworksBuildPhase;
			buildActionMask = 2147483647;
			files = (
				0AF92A8DD7524AA8424B0F69 /* Bind.framework in Frameworks */,
			);
			runOnlyForDeploymentPostprocessing = 0;
		};
		DEB45C6FB00B430FA0C9AAB7 /* Frameworks */ = {
			isa = PBXFrameworksBuildPhase;
			buildActionMask = 2147483647;
			files = (
				CA7A53C664F62B9EC7B2A699 /* Bind.framework in Frameworks */,
			);
			runOnlyForDeploymentPostprocessing = 0;
		};
/* End PBXFrameworksBuildPhase section */

/* Begin PBXGroup section */
		0A1B0977579D0F9CDC9CD370 /* Bind */ = {
			isa = PBXGroup;
			children = (
				8755A7382347984100C8AD07 /* Bindables */,
				AAC86018CB4D8A0C09811160 /* Binder.swift */,
				32482625AD59C787BA656EA9 /* Relay.swift */,
				B5D15DAC79B1AC76785DF873 /* Subscription.swift */,
				3DDA90802ED919DAACC99253 /* Output.swift */,
			);
			path = Bind;
			sourceTree = "<group>";
		};
		46786E68047562EAE2054B15 /* Tests */ = {
			isa = PBXGroup;
			children = (
				EF9A5E0E64D40EF1055B650C /* BindTests */,
			);
			path = Tests;
			sourceTree = "<group>";
		};
		659692C42FBAC58E81D2F7C8 /* UIKit */ = {
			isa = PBXGroup;
			children = (
				FCC8C0368846079A6AB4E3A8 /* Bindable+NSLayoutConstraint.swift */,
				123B88BAEC15153FF30DDF5E /* Bindable+UIActivityIndicatorView.swift */,
				B2F7896317935838D7E5621F /* Bindable+UIButton.swift */,
				4942663303E9CBE59E3B4530 /* Bindable+UIControl.swift */,
				6CC3A366761CF271F4BB17DD /* Bindable+UIGestureRecognizer.swift */,
				8C9B94AF56A71DFBCA50413B /* Bindable+UIImageView.swift */,
				1E8B8A3AE507973B94E0E2A1 /* Bindable+UILabel.swift */,
				1E6726D9B070B7961E9E60F8 /* Bindable+UINavigationItem.swift */,
				07C9A79B13F8E8757056BC49 /* Bindable+UIPageControl.swift */,
				0EFE7C85A16ABA965037F833 /* Bindable+UISearchBar.swift */,
				B023C1C41770B45A76264BE6 /* Bindable+UISegmentedControl.swift */,
				66860ED5F6906D0D3E251DA8 /* Bindable+UISwitch.swift */,
				1397A96B88FD8D77EED899B1 /* Bindable+UITabBar.swift */,
				E67055753899294DE0EC1937 /* Bindable+UITabBarController.swift */,
				027C192FC1BC3411C3AEB629 /* Bindable+UITextField.swift */,
				B4A119B08E34E14B858E97F1 /* Bindable+UIView.swift */,
				87BCBA1C96D1499A2368C6C4 /* Bindable+UIViewController.swift */,
			);
			path = UIKit;
			sourceTree = "<group>";
		};
		734AEDC0B1C217D6BB731772 = {
			isa = PBXGroup;
			children = (
				87E5943FEFAFA77DB95362C7 /* Sources */,
				46786E68047562EAE2054B15 /* Tests */,
				F8A4B71E618469AE8D34DC6C /* Products */,
			);
			indentWidth = 4;
			sourceTree = "<group>";
			tabWidth = 4;
			usesTabs = 0;
		};
		8755A7382347984100C8AD07 /* Bindables */ = {
			isa = PBXGroup;
			children = (
				8755A7392347984800C8AD07 /* Other */,
				659692C42FBAC58E81D2F7C8 /* UIKit */,
			);
			path = Bindables;
			sourceTree = "<group>";
		};
		8755A7392347984800C8AD07 /* Other */ = {
			isa = PBXGroup;
			children = (
				0EB23075233B801500C5B7CB /* Bindable+WKWebView.swift */,
			);
			path = Other;
			sourceTree = "<group>";
		};
		8755A73A2347996A00C8AD07 /* Helpers */ = {
			isa = PBXGroup;
			children = (
				2425FC75B8AD6ADF29DDB687 /* Output+Extension.swift */,
			);
			path = Helpers;
			sourceTree = "<group>";
		};
		8755A73B2347997A00C8AD07 /* Mock */ = {
			isa = PBXGroup;
			children = (
				643F9E946B7E3D2F8E2975BD /* PrinterMock.swift */,
				DBCF98045AC9F17CD5EF1563 /* BindableMock.swift */,
			);
			path = Mock;
			sourceTree = "<group>";
		};
		87E5943FEFAFA77DB95362C7 /* Sources */ = {
			isa = PBXGroup;
			children = (
				0EB2307A233BB2CC00C5B7CB /* Info.plist */,
				0A1B0977579D0F9CDC9CD370 /* Bind */,
			);
			path = Sources;
			sourceTree = "<group>";
		};
		EF9A5E0E64D40EF1055B650C /* BindTests */ = {
			isa = PBXGroup;
			children = (
				8755A73B2347997A00C8AD07 /* Mock */,
				8755A73A2347996A00C8AD07 /* Helpers */,
				F37E541BF3AF26462B57BAF0 /* OutputTests.swift */,
				8755A73E2347A88D00C8AD07 /* RelayTests.swift */,
				8755A7402347A92500C8AD07 /* SubscriptionTests.swift */,
				8755A73C23479B5700C8AD07 /* BindableTestsUIKit.swift */,
			);
			path = BindTests;
			sourceTree = "<group>";
		};
		F8A4B71E618469AE8D34DC6C /* Products */ = {
			isa = PBXGroup;
			children = (
				573E0E19C014B4EE5106A0F2 /* Bind.framework */,
				0165DC94BFE99BD3D3A96707 /* Bind.framework */,
				FE2FBD83FC521B3DF7C7D58A /* Bind.framework */,
				A0EFACDD491A2047FE3D4814 /* Bind.framework */,
				91D93EE6FE99882FF6B5A4E3 /* BindTests.xctest */,
				1D43A8B1E435FD4D1A2E97F9 /* BindTests.xctest */,
				528A8BC5BC105E09FB2A15EC /* BindTests.xctest */,
				B2381BE056DBA63EB6356D5C /* BindTests.xctest */,
			);
			name = Products;
			sourceTree = "<group>";
		};
/* End PBXGroup section */

/* Begin PBXNativeTarget section */
		0A00C05B8AD9EFBF6396608B /* BindTests_macOS */ = {
			isa = PBXNativeTarget;
			buildConfigurationList = DF70CCA57351C7887D683BDC /* Build configuration list for PBXNativeTarget "BindTests_macOS" */;
			buildPhases = (
				E5CD73A38E31B9F9B4850E4F /* Sources */,
				3857C57A19A2AE78C638FC60 /* Frameworks */,
				122AFA28B29E7664AB22AC50 /* Embed Frameworks */,
			);
			buildRules = (
			);
			dependencies = (
				0B64AB51C41A30F36698A605 /* PBXTargetDependency */,
			);
			name = BindTests_macOS;
			productName = TriggerTests_macOS;
			productReference = 1D43A8B1E435FD4D1A2E97F9 /* BindTests.xctest */;
			productType = "com.apple.product-type.bundle.unit-test";
		};
		2627FD999CE9AF28D02E403D /* BindTests_tvOS */ = {
			isa = PBXNativeTarget;
			buildConfigurationList = DBF8436987A3C11E02120404 /* Build configuration list for PBXNativeTarget "BindTests_tvOS" */;
			buildPhases = (
				EB98845C1137B74AFC7B60F2 /* Sources */,
				C9D58B709CD96238821FEFE6 /* Frameworks */,
				EE7AEDA3C2D526B3CFC3A52B /* Embed Frameworks */,
			);
			buildRules = (
			);
			dependencies = (
				A890615F603262CE01AE5DB2 /* PBXTargetDependency */,
			);
			name = BindTests_tvOS;
			productName = TriggerTests_tvOS;
			productReference = 528A8BC5BC105E09FB2A15EC /* BindTests.xctest */;
			productType = "com.apple.product-type.bundle.unit-test";
		};
		65C41D17DA11C2079E83CE37 /* Bind_watchOS */ = {
			isa = PBXNativeTarget;
			buildConfigurationList = 9CC0B9A3919ACD1F571B2BD9 /* Build configuration list for PBXNativeTarget "Bind_watchOS" */;
			buildPhases = (
				DC06B4AD4D937357639D76B6 /* Sources */,
				8755A7372347961600C8AD07 /* SwiftLint */,
			);
			buildRules = (
			);
			dependencies = (
			);
			name = Bind_watchOS;
			productName = Trigger_watchOS;
			productReference = A0EFACDD491A2047FE3D4814 /* Bind.framework */;
			productType = "com.apple.product-type.framework";
		};
		741338EC7820921882B999AA /* Bind_iOS */ = {
			isa = PBXNativeTarget;
			buildConfigurationList = 066016ECB25C1A9984BCDFA9 /* Build configuration list for PBXNativeTarget "Bind_iOS" */;
			buildPhases = (
				74BBD3BC73B89FBB506D7DF3 /* Sources */,
				8755A734234795EE00C8AD07 /* SwiftLint */,
			);
			buildRules = (
			);
			dependencies = (
			);
			name = Bind_iOS;
			productName = Trigger_iOS;
			productReference = 573E0E19C014B4EE5106A0F2 /* Bind.framework */;
			productType = "com.apple.product-type.framework";
		};
		7EA0613068A023B6FD8B384D /* BindTests_watchOS */ = {
			isa = PBXNativeTarget;
			buildConfigurationList = F0AD7FD5D7D722CD50AD7D1D /* Build configuration list for PBXNativeTarget "BindTests_watchOS" */;
			buildPhases = (
				7CEBE9377A9FDA028E60D918 /* Sources */,
				C74145061C75CDBBA870D736 /* Frameworks */,
				BEB61564024974C3E143AAA0 /* Embed Frameworks */,
			);
			buildRules = (
			);
			dependencies = (
				6378D2573E7EC557761A32C5 /* PBXTargetDependency */,
			);
			name = BindTests_watchOS;
			productName = TriggerTests_watchOS;
			productReference = B2381BE056DBA63EB6356D5C /* BindTests.xctest */;
			productType = "com.apple.product-type.bundle.unit-test";
		};
		CBD293BB0FD6077C3660463B /* Bind_tvOS */ = {
			isa = PBXNativeTarget;
			buildConfigurationList = 9ECBF332D78BD409EB9D2C28 /* Build configuration list for PBXNativeTarget "Bind_tvOS" */;
			buildPhases = (
				2AE00070F5487DFCC7BF5667 /* Sources */,
				8755A7362347960A00C8AD07 /* SwiftLint */,
			);
			buildRules = (
			);
			dependencies = (
			);
			name = Bind_tvOS;
			productName = Trigger_tvOS;
			productReference = FE2FBD83FC521B3DF7C7D58A /* Bind.framework */;
			productType = "com.apple.product-type.framework";
		};
		D4C95B095EB6D7C3F1E64735 /* Bind_macOS */ = {
			isa = PBXNativeTarget;
			buildConfigurationList = 9EFAAA9C50F1813C278BBD8A /* Build configuration list for PBXNativeTarget "Bind_macOS" */;
			buildPhases = (
				CD3696A03623CB324058E3D5 /* Sources */,
				8755A7352347960000C8AD07 /* SwiftLint */,
			);
			buildRules = (
			);
			dependencies = (
			);
			name = Bind_macOS;
			productName = Trigger_macOS;
			productReference = 0165DC94BFE99BD3D3A96707 /* Bind.framework */;
			productType = "com.apple.product-type.framework";
		};
		D4E99A1B3BF66490B4918380 /* BindTests_iOS */ = {
			isa = PBXNativeTarget;
			buildConfigurationList = BF8921212BB2D45DF374FFB0 /* Build configuration list for PBXNativeTarget "BindTests_iOS" */;
			buildPhases = (
				2009FB2D4114B8F7211BE2AB /* Sources */,
				DEB45C6FB00B430FA0C9AAB7 /* Frameworks */,
				8515607A36DBC0693EF04A9F /* Embed Frameworks */,
			);
			buildRules = (
			);
			dependencies = (
				79688FD050FE700DE1111EA9 /* PBXTargetDependency */,
			);
			name = BindTests_iOS;
			productName = TriggerTests_iOS;
			productReference = 91D93EE6FE99882FF6B5A4E3 /* BindTests.xctest */;
			productType = "com.apple.product-type.bundle.unit-test";
		};
/* End PBXNativeTarget section */

/* Begin PBXProject section */
		56C63F0BCC335BE0DBA6D481 /* Project object */ = {
			isa = PBXProject;
			attributes = {
				LastUpgradeCheck = 1020;
			};
			buildConfigurationList = 948052F99AE6614970592DB6 /* Build configuration list for PBXProject "Bind" */;
			compatibilityVersion = "Xcode 10.0";
			developmentRegion = en;
			hasScannedForEncodings = 0;
			knownRegions = (
				en,
				Base,
			);
			mainGroup = 734AEDC0B1C217D6BB731772;
			projectDirPath = "";
			projectRoot = "";
			targets = (
				D4E99A1B3BF66490B4918380 /* BindTests_iOS */,
				0A00C05B8AD9EFBF6396608B /* BindTests_macOS */,
				2627FD999CE9AF28D02E403D /* BindTests_tvOS */,
				7EA0613068A023B6FD8B384D /* BindTests_watchOS */,
				741338EC7820921882B999AA /* Bind_iOS */,
				D4C95B095EB6D7C3F1E64735 /* Bind_macOS */,
				CBD293BB0FD6077C3660463B /* Bind_tvOS */,
				65C41D17DA11C2079E83CE37 /* Bind_watchOS */,
			);
		};
/* End PBXProject section */

/* Begin PBXShellScriptBuildPhase section */
		8755A734234795EE00C8AD07 /* SwiftLint */ = {
			isa = PBXShellScriptBuildPhase;
			buildActionMask = 2147483647;
			files = (
			);
			inputFileListPaths = (
			);
			inputPaths = (
			);
			name = SwiftLint;
			outputFileListPaths = (
			);
			outputPaths = (
			);
			runOnlyForDeploymentPostprocessing = 0;
			shellPath = /bin/sh;
			shellScript = "if which swiftlint >/dev/null; then\nswiftlint --strict\nelse\necho \"warning: SwiftLint not installed, download from https://github.com/realm/SwiftLint\"\nfi\n";
		};
		8755A7352347960000C8AD07 /* SwiftLint */ = {
			isa = PBXShellScriptBuildPhase;
			buildActionMask = 2147483647;
			files = (
			);
			inputFileListPaths = (
			);
			inputPaths = (
			);
			name = SwiftLint;
			outputFileListPaths = (
			);
			outputPaths = (
			);
			runOnlyForDeploymentPostprocessing = 0;
			shellPath = /bin/sh;
			shellScript = "if which swiftlint >/dev/null; then\nswiftlint --strict\nelse\necho \"warning: SwiftLint not installed, download from https://github.com/realm/SwiftLint\"\nfi\n";
		};
		8755A7362347960A00C8AD07 /* SwiftLint */ = {
			isa = PBXShellScriptBuildPhase;
			buildActionMask = 2147483647;
			files = (
			);
			inputFileListPaths = (
			);
			inputPaths = (
			);
			name = SwiftLint;
			outputFileListPaths = (
			);
			outputPaths = (
			);
			runOnlyForDeploymentPostprocessing = 0;
			shellPath = /bin/sh;
			shellScript = "if which swiftlint >/dev/null; then\nswiftlint --strict\nelse\necho \"warning: SwiftLint not installed, download from https://github.com/realm/SwiftLint\"\nfi\n";
		};
		8755A7372347961600C8AD07 /* SwiftLint */ = {
			isa = PBXShellScriptBuildPhase;
			buildActionMask = 2147483647;
			files = (
			);
			inputFileListPaths = (
			);
			inputPaths = (
			);
			name = SwiftLint;
			outputFileListPaths = (
			);
			outputPaths = (
			);
			runOnlyForDeploymentPostprocessing = 0;
			shellPath = /bin/sh;
			shellScript = "if which swiftlint >/dev/null; then\nswiftlint --strict\nelse\necho \"warning: SwiftLint not installed, download from https://github.com/realm/SwiftLint\"\nfi\n";
		};
/* End PBXShellScriptBuildPhase section */

/* Begin PBXSourcesBuildPhase section */
		2009FB2D4114B8F7211BE2AB /* Sources */ = {
			isa = PBXSourcesBuildPhase;
			buildActionMask = 2147483647;
			files = (
				DEEB7E76CA6E133DCE59BD82 /* PrinterMock.swift in Sources */,
				8755A73F2347A88D00C8AD07 /* RelayTests.swift in Sources */,
				8755A7412347A92500C8AD07 /* SubscriptionTests.swift in Sources */,
				2D1C7E116D41AC6269445022 /* BindableMock.swift in Sources */,
				637549C2D38B6A9E34E3C05E /* Output+Extension.swift in Sources */,
				8755A73D23479B5700C8AD07 /* BindableTestsUIKit.swift in Sources */,
				01E5833DB935E59214FC2136 /* OutputTests.swift in Sources */,
			);
			runOnlyForDeploymentPostprocessing = 0;
		};
		2AE00070F5487DFCC7BF5667 /* Sources */ = {
			isa = PBXSourcesBuildPhase;
			buildActionMask = 2147483647;
			files = (
				A92EDEB1E9489989D2686951 /* Bindable+NSLayoutConstraint.swift in Sources */,
				F788AA106AEF18EA67BB2F9F /* Bindable+UIActivityIndicatorView.swift in Sources */,
				327ECA48E5FC21CDBE38BF59 /* Bindable+UIButton.swift in Sources */,
				82A3BE668A9A1F660BD8F9C7 /* Bindable+UIControl.swift in Sources */,
				9E3F9C519BDF52F59CEE559D /* Bindable+UIGestureRecognizer.swift in Sources */,
				7E647D9C2C0EF0C371E33400 /* Bindable+UIImageView.swift in Sources */,
				8916D29F0AEF2B864EED6B53 /* Bindable+UILabel.swift in Sources */,
				F5D1EB844669593072D92813 /* Bindable+UINavigationItem.swift in Sources */,
				B8231FC7DF432A62B8B3C94A /* Bindable+UIPageControl.swift in Sources */,
				3B66674593E48058F99877A3 /* Bindable+UISearchBar.swift in Sources */,
				324DAEC405E4E996EE0B37E3 /* Bindable+UISegmentedControl.swift in Sources */,
				D1F3181CEA54A07991FFB490 /* Bindable+UISwitch.swift in Sources */,
				803EFBE2121F0F2887A9652B /* Bindable+UITabBar.swift in Sources */,
				B21C659CC8B497B23933765D /* Bindable+UITabBarController.swift in Sources */,
				6F644F4AF6D7A0CEEA35985A /* Bindable+UITextField.swift in Sources */,
				FCAB2DA25CA76485679DD911 /* Bindable+UIView.swift in Sources */,
				6C89FD65903E3C9BFEFB8566 /* Bindable+UIViewController.swift in Sources */,
				E034DB6AE8ABF274E26E6EA0 /* Binder.swift in Sources */,
				0EB23078233B801500C5B7CB /* Bindable+WKWebView.swift in Sources */,
				C550A92F71F622DD916ABFA5 /* Relay.swift in Sources */,
				62DB1732B2AD881D8D6DD762 /* Subscription.swift in Sources */,
				BCB2A22669C71EE07420860D /* Output.swift in Sources */,
			);
			runOnlyForDeploymentPostprocessing = 0;
		};
		74BBD3BC73B89FBB506D7DF3 /* Sources */ = {
			isa = PBXSourcesBuildPhase;
			buildActionMask = 2147483647;
			files = (
				D9A6EABC8BFFC9CFA74B6D13 /* Bindable+NSLayoutConstraint.swift in Sources */,
				5FB376279DC7ECCBB8B0D36A /* Bindable+UIActivityIndicatorView.swift in Sources */,
				A5CF6F52DE7E16472B52DC01 /* Bindable+UIButton.swift in Sources */,
				2B33B8AA6FB604B75E1038EF /* Bindable+UIControl.swift in Sources */,
				9F1B1E2534DF633A17B19C3F /* Bindable+UIGestureRecognizer.swift in Sources */,
				9015E14D3A62FB45789219B3 /* Bindable+UIImageView.swift in Sources */,
				32E4D37CE5094C0784B059B8 /* Bindable+UILabel.swift in Sources */,
				3DF39D79269B68404056F9F0 /* Bindable+UINavigationItem.swift in Sources */,
				195CCADA3A98DB436ED87026 /* Bindable+UIPageControl.swift in Sources */,
				38A81DFE0B87A791E31218AC /* Bindable+UISearchBar.swift in Sources */,
				34389F1283B25879C8C6425F /* Bindable+UISegmentedControl.swift in Sources */,
				B256C1A61CA1781C26FF374F /* Bindable+UISwitch.swift in Sources */,
				0CFF86D7A18A5931DA443039 /* Bindable+UITabBar.swift in Sources */,
				0014E80F792966285A5A0BD5 /* Bindable+UITabBarController.swift in Sources */,
				49E0D1227B1320BE23158F90 /* Bindable+UITextField.swift in Sources */,
				9FFA62A970CAE124C1640803 /* Bindable+UIView.swift in Sources */,
				CA52243942CC4D80E4BA7F15 /* Bindable+UIViewController.swift in Sources */,
				6E66460B09EB276CFC02552F /* Binder.swift in Sources */,
				0EB23076233B801500C5B7CB /* Bindable+WKWebView.swift in Sources */,
				12975D55C4A04954247EDA63 /* Relay.swift in Sources */,
				7C7FA062E2CD362FB1DA5285 /* Subscription.swift in Sources */,
				0A920FECAE068974826139B5 /* Output.swift in Sources */,
			);
			runOnlyForDeploymentPostprocessing = 0;
		};
		7CEBE9377A9FDA028E60D918 /* Sources */ = {
			isa = PBXSourcesBuildPhase;
			buildActionMask = 2147483647;
			files = (
				4013160F0DA927102E0A4028 /* PrinterMock.swift in Sources */,
				8755A7472347A93800C8AD07 /* RelayTests.swift in Sources */,
				16B22C259512A6A4DB492648 /* BindableMock.swift in Sources */,
				F37FB2DC1E254424AC2BAE03 /* Output+Extension.swift in Sources */,
				1DB68B189147E165DF6BB137 /* OutputTests.swift in Sources */,
				8755A7442347A93500C8AD07 /* SubscriptionTests.swift in Sources */,
			);
			runOnlyForDeploymentPostprocessing = 0;
		};
		CD3696A03623CB324058E3D5 /* Sources */ = {
			isa = PBXSourcesBuildPhase;
			buildActionMask = 2147483647;
			files = (
				8A9566D706D206E76327E3DB /* Bindable+NSLayoutConstraint.swift in Sources */,
				33DDE4106DE00BFD070D7B17 /* Bindable+UIActivityIndicatorView.swift in Sources */,
				B67C9FC3CB2F4BDC7492C016 /* Bindable+UIButton.swift in Sources */,
				AF0A59D29E51E7C7B3E2D2F4 /* Bindable+UIControl.swift in Sources */,
				5696E9B59A1197EBE815781C /* Bindable+UIGestureRecognizer.swift in Sources */,
				8774D75FE1168D2F1D4CE056 /* Bindable+UIImageView.swift in Sources */,
				16A74E3909561470C3EABEB3 /* Bindable+UILabel.swift in Sources */,
				359FE04CC2D3E4397ACD4A77 /* Bindable+UINavigationItem.swift in Sources */,
				DD9CFC9A187ABDA4FB5CF470 /* Bindable+UIPageControl.swift in Sources */,
				9A39C0AAE8EEE138E29862EB /* Bindable+UISearchBar.swift in Sources */,
				51276A88F751D64318F272D8 /* Bindable+UISegmentedControl.swift in Sources */,
				5E42521AE19CE9F10768CC17 /* Bindable+UISwitch.swift in Sources */,
				3C920A1AEE1B3B4463C573B5 /* Bindable+UITabBar.swift in Sources */,
				C6FDF7E5361C41F4E100F412 /* Bindable+UITabBarController.swift in Sources */,
				CA904F05BE382CC76B44095F /* Bindable+UITextField.swift in Sources */,
				AF065688C6FD6F74263EAF52 /* Bindable+UIView.swift in Sources */,
				BE26B215DE2DEF86CEEFD01F /* Bindable+UIViewController.swift in Sources */,
				58F2321A905E0CD954B577CC /* Binder.swift in Sources */,
				0EB23077233B801500C5B7CB /* Bindable+WKWebView.swift in Sources */,
				E9CB9F4E0E529C66BE9D9E96 /* Relay.swift in Sources */,
				5BF10602150D7587D257F1D5 /* Subscription.swift in Sources */,
				0DA9C3D0F120BD02D2CE2CAF /* Output.swift in Sources */,
			);
			runOnlyForDeploymentPostprocessing = 0;
		};
		DC06B4AD4D937357639D76B6 /* Sources */ = {
			isa = PBXSourcesBuildPhase;
			buildActionMask = 2147483647;
			files = (
				4A3D96DE7A62AD7FAE8A103A /* Bindable+NSLayoutConstraint.swift in Sources */,
				9320C85A024298682EE5EB24 /* Bindable+UIActivityIndicatorView.swift in Sources */,
				733A22C87BFD19E44079AAD2 /* Bindable+UIButton.swift in Sources */,
				5DC6E2A746E8EA130007491F /* Bindable+UIControl.swift in Sources */,
				AFD4400353740182A71996D5 /* Bindable+UIGestureRecognizer.swift in Sources */,
				9F1C8776143143FE7E7260E2 /* Bindable+UIImageView.swift in Sources */,
				41B2CFF1147DB924DB2F7238 /* Bindable+UILabel.swift in Sources */,
				381234946AA8A6C9307AC0C9 /* Bindable+UINavigationItem.swift in Sources */,
				CDFB4A00364647984BE046C8 /* Bindable+UIPageControl.swift in Sources */,
				FCA3E90C3CF087E74F120579 /* Bindable+UISearchBar.swift in Sources */,
				AC6B4BF4F9F90DF28EE1D993 /* Bindable+UISegmentedControl.swift in Sources */,
				812CDA7052B612388268AA65 /* Bindable+UISwitch.swift in Sources */,
				3DCEF812BDE49F45A34EBF54 /* Bindable+UITabBar.swift in Sources */,
				E3EC35183CE97DB93EF3C03D /* Bindable+UITabBarController.swift in Sources */,
				562A94E94F361F6EA44A9834 /* Bindable+UITextField.swift in Sources */,
				7944093D5AE963218BC63113 /* Bindable+UIView.swift in Sources */,
				B2F17517C02280E124365964 /* Bindable+UIViewController.swift in Sources */,
				1B34DCB8489C4742C3E741F0 /* Binder.swift in Sources */,
				0EB23079233B801500C5B7CB /* Bindable+WKWebView.swift in Sources */,
				E574F30A7FB1979681593ED8 /* Relay.swift in Sources */,
				717B0255BF2FC2896C38FE10 /* Subscription.swift in Sources */,
				B520F71B4AF84422A700BFB7 /* Output.swift in Sources */,
			);
			runOnlyForDeploymentPostprocessing = 0;
		};
		E5CD73A38E31B9F9B4850E4F /* Sources */ = {
			isa = PBXSourcesBuildPhase;
			buildActionMask = 2147483647;
			files = (
				A8428486B13DF705F151FDD6 /* PrinterMock.swift in Sources */,
				8755A7452347A93700C8AD07 /* RelayTests.swift in Sources */,
				28AB432723BFCC656F66C488 /* BindableMock.swift in Sources */,
				B603ED1DF83FB4467FB9B868 /* Output+Extension.swift in Sources */,
				6F853E9E0052D86B01B6F4F3 /* OutputTests.swift in Sources */,
				8755A7482347A93E00C8AD07 /* BindableTestsUIKit.swift in Sources */,
				8755A7422347A93400C8AD07 /* SubscriptionTests.swift in Sources */,
			);
			runOnlyForDeploymentPostprocessing = 0;
		};
		EB98845C1137B74AFC7B60F2 /* Sources */ = {
			isa = PBXSourcesBuildPhase;
			buildActionMask = 2147483647;
			files = (
				FBF24AD8797A54817F724F1B /* PrinterMock.swift in Sources */,
				8755A7462347A93800C8AD07 /* RelayTests.swift in Sources */,
				9D059CF3C7783B55F63C17CB /* BindableMock.swift in Sources */,
				23ED5475B3FF87CBAF7B1701 /* Output+Extension.swift in Sources */,
				42DCB57764A902476445A1ED /* OutputTests.swift in Sources */,
				8755A7432347A93400C8AD07 /* SubscriptionTests.swift in Sources */,
			);
			runOnlyForDeploymentPostprocessing = 0;
		};
/* End PBXSourcesBuildPhase section */

/* Begin PBXTargetDependency section */
		0B64AB51C41A30F36698A605 /* PBXTargetDependency */ = {
			isa = PBXTargetDependency;
			target = D4C95B095EB6D7C3F1E64735 /* Bind_macOS */;
			targetProxy = 1E84A582B05C2A6FA350FBBC /* PBXContainerItemProxy */;
		};
		6378D2573E7EC557761A32C5 /* PBXTargetDependency */ = {
			isa = PBXTargetDependency;
			target = 65C41D17DA11C2079E83CE37 /* Bind_watchOS */;
			targetProxy = 021A87B04739507787C1BF8D /* PBXContainerItemProxy */;
		};
		79688FD050FE700DE1111EA9 /* PBXTargetDependency */ = {
			isa = PBXTargetDependency;
			target = 741338EC7820921882B999AA /* Bind_iOS */;
			targetProxy = 30A43DF452647C734FAA4116 /* PBXContainerItemProxy */;
		};
		A890615F603262CE01AE5DB2 /* PBXTargetDependency */ = {
			isa = PBXTargetDependency;
			target = CBD293BB0FD6077C3660463B /* Bind_tvOS */;
			targetProxy = E0073BACA465D18C9A9FCE25 /* PBXContainerItemProxy */;
		};
/* End PBXTargetDependency section */

/* Begin XCBuildConfiguration section */
		07DE7227D0EC2B9939EB4B7E /* Release */ = {
			isa = XCBuildConfiguration;
			buildSettings = {
				APPLICATION_EXTENSION_API_ONLY = YES;
				CODE_SIGN_IDENTITY = "";
				CURRENT_PROJECT_VERSION = 1;
				DEFINES_MODULE = YES;
				DYLIB_COMPATIBILITY_VERSION = 1;
				DYLIB_CURRENT_VERSION = 1;
				DYLIB_INSTALL_NAME_BASE = "@rpath";
				ENABLE_BITCODE = YES;
				FRAMEWORK_SEARCH_PATHS = "";
				INFOPLIST_FILE = "$(SRCROOT)/Sources/Info.plist";
				INSTALL_PATH = "$(LOCAL_LIBRARY_DIR)/Frameworks";
				LD_RUNPATH_SEARCH_PATHS = (
					"$(inherited)",
					"@executable_path/Frameworks",
				);
				PRODUCT_BUNDLE_IDENTIFIER = "com.karmarama.Bind-iOS";
				PRODUCT_NAME = Bind;
				SDKROOT = iphoneos;
				SKIP_INSTALL = YES;
				SWIFT_VERSION = 5.0;
				TARGETED_DEVICE_FAMILY = "1,2";
				VERSIONING_SYSTEM = "apple-generic";
			};
			name = Release;
		};
		1746FF085E31832CC4F9B88D /* Debug */ = {
			isa = XCBuildConfiguration;
			buildSettings = {
				APPLICATION_EXTENSION_API_ONLY = YES;
				CODE_SIGN_IDENTITY = "";
				CURRENT_PROJECT_VERSION = 1;
				DEFINES_MODULE = YES;
				DYLIB_COMPATIBILITY_VERSION = 1;
				DYLIB_CURRENT_VERSION = 1;
				DYLIB_INSTALL_NAME_BASE = "@rpath";
				ENABLE_BITCODE = YES;
				FRAMEWORK_SEARCH_PATHS = "";
				INFOPLIST_FILE = "$(SRCROOT)/Sources/Info.plist";
				INSTALL_PATH = "$(LOCAL_LIBRARY_DIR)/Frameworks";
				PRODUCT_BUNDLE_IDENTIFIER = "com.karmarama.Bind-watchOS";
				PRODUCT_NAME = Bind;
				SDKROOT = watchos;
				SKIP_INSTALL = YES;
				SWIFT_VERSION = 5.0;
				TARGETED_DEVICE_FAMILY = 4;
				VERSIONING_SYSTEM = "apple-generic";
			};
			name = Debug;
		};
		39EA3CB78096A72A05C740BD /* Debug */ = {
			isa = XCBuildConfiguration;
			buildSettings = {
				BUNDLE_LOADER = "$(TEST_HOST)";
				LD_RUNPATH_SEARCH_PATHS = (
					"$(inherited)",
					"@executable_path/Frameworks",
					"@loader_path/Frameworks",
				);
				PRODUCT_BUNDLE_IDENTIFIER = "com.karmarama.TriggerTests-tvOS";
				PRODUCT_NAME = BindTests;
				SDKROOT = appletvos;
				SWIFT_VERSION = 5.0;
				TARGETED_DEVICE_FAMILY = 3;
			};
			name = Debug;
		};
		4D73607E5AAD0A67871AC99A /* Debug */ = {
			isa = XCBuildConfiguration;
			buildSettings = {
				BUNDLE_LOADER = "$(TEST_HOST)";
				COMBINE_HIDPI_IMAGES = YES;
				INFOPLIST_FILE = "$(SRCROOT)/Sources/Info.plist";
				LD_RUNPATH_SEARCH_PATHS = (
					"$(inherited)",
					"@executable_path/../Frameworks",
					"@loader_path/../Frameworks",
				);
				PRODUCT_BUNDLE_IDENTIFIER = "com.karmarama.TriggerTests-macOS";
				PRODUCT_NAME = BindTests;
				SDKROOT = macosx;
				SWIFT_VERSION = 5.0;
			};
			name = Debug;
		};
		665221B89036452AB618F2F0 /* Debug */ = {
			isa = XCBuildConfiguration;
			buildSettings = {
				ALWAYS_SEARCH_USER_PATHS = NO;
				CLANG_ANALYZER_NONNULL = YES;
				CLANG_ANALYZER_NUMBER_OBJECT_CONVERSION = YES_AGGRESSIVE;
				CLANG_CXX_LANGUAGE_STANDARD = "gnu++14";
				CLANG_CXX_LIBRARY = "libc++";
				CLANG_ENABLE_MODULES = YES;
				CLANG_ENABLE_OBJC_ARC = YES;
				CLANG_WARN_BLOCK_CAPTURE_AUTORELEASING = YES;
				CLANG_WARN_BOOL_CONVERSION = YES;
				CLANG_WARN_COMMA = YES;
				CLANG_WARN_CONSTANT_CONVERSION = YES;
				CLANG_WARN_DEPRECATED_OBJC_IMPLEMENTATIONS = YES;
				CLANG_WARN_DIRECT_OBJC_ISA_USAGE = YES_ERROR;
				CLANG_WARN_DOCUMENTATION_COMMENTS = YES;
				CLANG_WARN_EMPTY_BODY = YES;
				CLANG_WARN_ENUM_CONVERSION = YES;
				CLANG_WARN_INFINITE_RECURSION = YES;
				CLANG_WARN_INT_CONVERSION = YES;
				CLANG_WARN_NON_LITERAL_NULL_CONVERSION = YES;
				CLANG_WARN_OBJC_IMPLICIT_RETAIN_SELF = YES;
				CLANG_WARN_OBJC_LITERAL_CONVERSION = YES;
				CLANG_WARN_OBJC_ROOT_CLASS = YES_ERROR;
				CLANG_WARN_RANGE_LOOP_ANALYSIS = YES;
				CLANG_WARN_STRICT_PROTOTYPES = YES;
				CLANG_WARN_SUSPICIOUS_MOVE = YES;
				CLANG_WARN_UNGUARDED_AVAILABILITY = YES_AGGRESSIVE;
				CLANG_WARN_UNREACHABLE_CODE = YES;
				CLANG_WARN__DUPLICATE_METHOD_MATCH = YES;
				COPY_PHASE_STRIP = NO;
				DEBUG_INFORMATION_FORMAT = dwarf;
				ENABLE_BITCODE = YES;
				ENABLE_STRICT_OBJC_MSGSEND = YES;
				ENABLE_TESTABILITY = YES;
				GCC_C_LANGUAGE_STANDARD = gnu11;
				GCC_DYNAMIC_NO_PIC = NO;
				GCC_NO_COMMON_BLOCKS = YES;
				GCC_OPTIMIZATION_LEVEL = 0;
				GCC_PREPROCESSOR_DEFINITIONS = (
					"$(inherited)",
					"DEBUG=1",
				);
				GCC_TREAT_WARNINGS_AS_ERRORS = YES;
				GCC_WARN_64_TO_32_BIT_CONVERSION = YES;
				GCC_WARN_ABOUT_RETURN_TYPE = YES_ERROR;
				GCC_WARN_UNDECLARED_SELECTOR = YES;
				GCC_WARN_UNINITIALIZED_AUTOS = YES_AGGRESSIVE;
				GCC_WARN_UNUSED_FUNCTION = YES;
				GCC_WARN_UNUSED_VARIABLE = YES;
				IPHONEOS_DEPLOYMENT_TARGET = 10.0;
				MACOSX_DEPLOYMENT_TARGET = 10.11;
				MTL_ENABLE_DEBUG_INFO = YES;
				ONLY_ACTIVE_ARCH = YES;
				OTHER_CFLAGS = "";
				PRODUCT_NAME = "$(TARGET_NAME)";
				SWIFT_ACTIVE_COMPILATION_CONDITIONS = DEBUG;
				SWIFT_OPTIMIZATION_LEVEL = "-Onone";
				SWIFT_VERSION = 5.0;
				TVOS_DEPLOYMENT_TARGET = 10.0;
				WATCHOS_DEPLOYMENT_TARGET = 4.0;
			};
			name = Debug;
		};
		6CEA400285446E4D891D0164 /* Debug */ = {
			isa = XCBuildConfiguration;
			buildSettings = {
				APPLICATION_EXTENSION_API_ONLY = YES;
				CODE_SIGN_IDENTITY = "";
				CURRENT_PROJECT_VERSION = 1;
				DEFINES_MODULE = YES;
				DYLIB_COMPATIBILITY_VERSION = 1;
				DYLIB_CURRENT_VERSION = 1;
				DYLIB_INSTALL_NAME_BASE = "@rpath";
				ENABLE_BITCODE = YES;
				FRAMEWORK_SEARCH_PATHS = (
					"$(inherited)",
					"$(PLATFORM_DIR)/Developer/Library/Frameworks",
				);
				INFOPLIST_FILE = "$(SRCROOT)/Sources/Info.plist";
				INSTALL_PATH = "$(LOCAL_LIBRARY_DIR)/Frameworks";
				LD_RUNPATH_SEARCH_PATHS = (
					"$(inherited)",
					"@executable_path/Frameworks",
				);
				PRODUCT_BUNDLE_IDENTIFIER = "com.karmarama.Bind-tvOS";
				PRODUCT_NAME = Bind;
				SDKROOT = appletvos;
				SKIP_INSTALL = YES;
				SWIFT_VERSION = 5.0;
				TARGETED_DEVICE_FAMILY = 3;
				VERSIONING_SYSTEM = "apple-generic";
			};
			name = Debug;
		};
		7228E5D92C67728FDD1580FB /* Release */ = {
			isa = XCBuildConfiguration;
			buildSettings = {
				APPLICATION_EXTENSION_API_ONLY = YES;
				CODE_SIGN_IDENTITY = "";
				CURRENT_PROJECT_VERSION = 1;
				DEFINES_MODULE = YES;
				DYLIB_COMPATIBILITY_VERSION = 1;
				DYLIB_CURRENT_VERSION = 1;
				DYLIB_INSTALL_NAME_BASE = "@rpath";
				ENABLE_BITCODE = YES;
				FRAMEWORK_SEARCH_PATHS = "";
				INFOPLIST_FILE = "$(SRCROOT)/Sources/Info.plist";
				INSTALL_PATH = "$(LOCAL_LIBRARY_DIR)/Frameworks";
				PRODUCT_BUNDLE_IDENTIFIER = "com.karmarama.Bind-watchOS";
				PRODUCT_NAME = Bind;
				SDKROOT = watchos;
				SKIP_INSTALL = YES;
				SWIFT_VERSION = 5.0;
				TARGETED_DEVICE_FAMILY = 4;
				VERSIONING_SYSTEM = "apple-generic";
			};
			name = Release;
		};
		7591182AD03135A0F2C79184 /* Debug */ = {
			isa = XCBuildConfiguration;
			buildSettings = {
				BUNDLE_LOADER = "$(TEST_HOST)";
				ENABLE_BITCODE = YES;
				LD_RUNPATH_SEARCH_PATHS = (
					"$(inherited)",
					"@executable_path/Frameworks",
					"@loader_path/Frameworks",
				);
				PRODUCT_BUNDLE_IDENTIFIER = "com.karmarama.TriggerTests-iOS";
				PRODUCT_NAME = BindTests;
				SDKROOT = iphoneos;
				SWIFT_VERSION = 5.0;
				TARGETED_DEVICE_FAMILY = "1,2";
			};
			name = Debug;
		};
		87F37A08C319B7C67315782D /* Release */ = {
			isa = XCBuildConfiguration;
			buildSettings = {
				BUNDLE_LOADER = "$(TEST_HOST)";
				LD_RUNPATH_SEARCH_PATHS = (
					"$(inherited)",
					"@executable_path/Frameworks",
					"@loader_path/Frameworks",
				);
				PRODUCT_BUNDLE_IDENTIFIER = "com.karmarama.TriggerTests-watchOS";
				PRODUCT_NAME = BindTests;
				SDKROOT = watchos;
				SKIP_INSTALL = YES;
				SWIFT_VERSION = 5.0;
				TARGETED_DEVICE_FAMILY = 4;
			};
			name = Release;
		};
		8B0FCE5677C3A736B592EADB /* Release */ = {
			isa = XCBuildConfiguration;
			buildSettings = {
				APPLICATION_EXTENSION_API_ONLY = YES;
				CODE_SIGN_IDENTITY = "";
				CURRENT_PROJECT_VERSION = 1;
				DEFINES_MODULE = YES;
				DYLIB_COMPATIBILITY_VERSION = 1;
				DYLIB_CURRENT_VERSION = 1;
				DYLIB_INSTALL_NAME_BASE = "@rpath";
				ENABLE_BITCODE = YES;
				FRAMEWORK_SEARCH_PATHS = (
					"$(inherited)",
					"$(PLATFORM_DIR)/Developer/Library/Frameworks",
				);
				INFOPLIST_FILE = "$(SRCROOT)/Sources/Info.plist";
				INSTALL_PATH = "$(LOCAL_LIBRARY_DIR)/Frameworks";
				LD_RUNPATH_SEARCH_PATHS = (
					"$(inherited)",
					"@executable_path/Frameworks",
				);
				PRODUCT_BUNDLE_IDENTIFIER = "com.karmarama.Bind-tvOS";
				PRODUCT_NAME = Bind;
				SDKROOT = appletvos;
				SKIP_INSTALL = YES;
				SWIFT_VERSION = 5.0;
				TARGETED_DEVICE_FAMILY = 3;
				VERSIONING_SYSTEM = "apple-generic";
			};
			name = Release;
		};
		8D020D6BAC5A8F868E63876A /* Release */ = {
			isa = XCBuildConfiguration;
			buildSettings = {
				BUNDLE_LOADER = "$(TEST_HOST)";
				COMBINE_HIDPI_IMAGES = YES;
				INFOPLIST_FILE = "$(SRCROOT)/Sources/Info.plist";
				LD_RUNPATH_SEARCH_PATHS = (
					"$(inherited)",
					"@executable_path/../Frameworks",
					"@loader_path/../Frameworks",
				);
				PRODUCT_BUNDLE_IDENTIFIER = "com.karmarama.TriggerTests-macOS";
				PRODUCT_NAME = BindTests;
				SDKROOT = macosx;
				SWIFT_VERSION = 5.0;
			};
			name = Release;
		};
		9392092A5ED5EE56E47A60FA /* Release */ = {
			isa = XCBuildConfiguration;
			buildSettings = {
				APPLICATION_EXTENSION_API_ONLY = YES;
				CODE_SIGN_IDENTITY = "";
				COMBINE_HIDPI_IMAGES = YES;
				CURRENT_PROJECT_VERSION = 1;
				DEFINES_MODULE = YES;
				DYLIB_COMPATIBILITY_VERSION = 1;
				DYLIB_CURRENT_VERSION = 1;
				DYLIB_INSTALL_NAME_BASE = "@rpath";
				ENABLE_BITCODE = YES;
				FRAMEWORK_SEARCH_PATHS = (
					"$(inherited)",
					"$(PLATFORM_DIR)/Developer/Library/Frameworks",
				);
				INFOPLIST_FILE = "$(SRCROOT)/Sources/Info.plist";
				INSTALL_PATH = "$(LOCAL_LIBRARY_DIR)/Frameworks";
				LD_RUNPATH_SEARCH_PATHS = (
					"$(inherited)",
					"@executable_path/../Frameworks",
				);
				MACOSX_DEPLOYMENT_TARGET = 10.11;
				PRODUCT_BUNDLE_IDENTIFIER = "com.karmarama.Bind-macOS";
				PRODUCT_NAME = Bind;
				SDKROOT = macosx;
				SKIP_INSTALL = YES;
				SWIFT_VERSION = 5.0;
				VERSIONING_SYSTEM = "apple-generic";
			};
			name = Release;
		};
		97E1A85B595EC8BFC9B62219 /* Debug */ = {
			isa = XCBuildConfiguration;
			buildSettings = {
				BUNDLE_LOADER = "$(TEST_HOST)";
				LD_RUNPATH_SEARCH_PATHS = (
					"$(inherited)",
					"@executable_path/Frameworks",
					"@loader_path/Frameworks",
				);
				PRODUCT_BUNDLE_IDENTIFIER = "com.karmarama.TriggerTests-watchOS";
				PRODUCT_NAME = BindTests;
				SDKROOT = watchos;
				SKIP_INSTALL = YES;
				SWIFT_VERSION = 5.0;
				TARGETED_DEVICE_FAMILY = 4;
			};
			name = Debug;
		};
		AEFBBBCD897535612548539C /* Release */ = {
			isa = XCBuildConfiguration;
			buildSettings = {
				BUNDLE_LOADER = "$(TEST_HOST)";
				LD_RUNPATH_SEARCH_PATHS = (
					"$(inherited)",
					"@executable_path/Frameworks",
					"@loader_path/Frameworks",
				);
				PRODUCT_BUNDLE_IDENTIFIER = "com.karmarama.TriggerTests-tvOS";
				PRODUCT_NAME = BindTests;
				SDKROOT = appletvos;
				SWIFT_VERSION = 5.0;
				TARGETED_DEVICE_FAMILY = 3;
			};
			name = Release;
		};
		CD8B01629DFD2B1BBC6B4D04 /* Release */ = {
			isa = XCBuildConfiguration;
			buildSettings = {
				ALWAYS_SEARCH_USER_PATHS = NO;
				CLANG_ANALYZER_NONNULL = YES;
				CLANG_ANALYZER_NUMBER_OBJECT_CONVERSION = YES_AGGRESSIVE;
				CLANG_CXX_LANGUAGE_STANDARD = "gnu++14";
				CLANG_CXX_LIBRARY = "libc++";
				CLANG_ENABLE_MODULES = YES;
				CLANG_ENABLE_OBJC_ARC = YES;
				CLANG_WARN_BLOCK_CAPTURE_AUTORELEASING = YES;
				CLANG_WARN_BOOL_CONVERSION = YES;
				CLANG_WARN_COMMA = YES;
				CLANG_WARN_CONSTANT_CONVERSION = YES;
				CLANG_WARN_DEPRECATED_OBJC_IMPLEMENTATIONS = YES;
				CLANG_WARN_DIRECT_OBJC_ISA_USAGE = YES_ERROR;
				CLANG_WARN_DOCUMENTATION_COMMENTS = YES;
				CLANG_WARN_EMPTY_BODY = YES;
				CLANG_WARN_ENUM_CONVERSION = YES;
				CLANG_WARN_INFINITE_RECURSION = YES;
				CLANG_WARN_INT_CONVERSION = YES;
				CLANG_WARN_NON_LITERAL_NULL_CONVERSION = YES;
				CLANG_WARN_OBJC_IMPLICIT_RETAIN_SELF = YES;
				CLANG_WARN_OBJC_LITERAL_CONVERSION = YES;
				CLANG_WARN_OBJC_ROOT_CLASS = YES_ERROR;
				CLANG_WARN_RANGE_LOOP_ANALYSIS = YES;
				CLANG_WARN_STRICT_PROTOTYPES = YES;
				CLANG_WARN_SUSPICIOUS_MOVE = YES;
				CLANG_WARN_UNGUARDED_AVAILABILITY = YES_AGGRESSIVE;
				CLANG_WARN_UNREACHABLE_CODE = YES;
				CLANG_WARN__DUPLICATE_METHOD_MATCH = YES;
				COPY_PHASE_STRIP = NO;
				DEBUG_INFORMATION_FORMAT = "dwarf-with-dsym";
				ENABLE_BITCODE = YES;
				ENABLE_NS_ASSERTIONS = NO;
				ENABLE_STRICT_OBJC_MSGSEND = YES;
				GCC_C_LANGUAGE_STANDARD = gnu11;
				GCC_NO_COMMON_BLOCKS = YES;
				GCC_TREAT_WARNINGS_AS_ERRORS = YES;
				GCC_WARN_64_TO_32_BIT_CONVERSION = YES;
				GCC_WARN_ABOUT_RETURN_TYPE = YES_ERROR;
				GCC_WARN_UNDECLARED_SELECTOR = YES;
				GCC_WARN_UNINITIALIZED_AUTOS = YES_AGGRESSIVE;
				GCC_WARN_UNUSED_FUNCTION = YES;
				GCC_WARN_UNUSED_VARIABLE = YES;
				IPHONEOS_DEPLOYMENT_TARGET = 10.0;
				MACOSX_DEPLOYMENT_TARGET = 10.11;
				OTHER_CFLAGS = "";
				"OTHER_CFLAGS[arch=*]" = "";
				PRODUCT_NAME = "$(TARGET_NAME)";
				SWIFT_COMPILATION_MODE = wholemodule;
				SWIFT_VERSION = 5.0;
				TVOS_DEPLOYMENT_TARGET = 10.0;
				VALIDATE_PRODUCT = YES;
				WATCHOS_DEPLOYMENT_TARGET = 4.0;
			};
			name = Release;
		};
		D38DA08D1EE0DE33A24C1897 /* Release */ = {
			isa = XCBuildConfiguration;
			buildSettings = {
				BUNDLE_LOADER = "$(TEST_HOST)";
				ENABLE_BITCODE = YES;
				LD_RUNPATH_SEARCH_PATHS = (
					"$(inherited)",
					"@executable_path/Frameworks",
					"@loader_path/Frameworks",
				);
				PRODUCT_BUNDLE_IDENTIFIER = "com.karmarama.TriggerTests-iOS";
				PRODUCT_NAME = BindTests;
				SDKROOT = iphoneos;
				SWIFT_VERSION = 5.0;
				TARGETED_DEVICE_FAMILY = "1,2";
			};
			name = Release;
		};
		D98BDA3ADB47D8CAAFD5A74D /* Debug */ = {
			isa = XCBuildConfiguration;
			buildSettings = {
				APPLICATION_EXTENSION_API_ONLY = YES;
				CODE_SIGN_IDENTITY = "";
				COMBINE_HIDPI_IMAGES = YES;
				CURRENT_PROJECT_VERSION = 1;
				DEFINES_MODULE = YES;
				DYLIB_COMPATIBILITY_VERSION = 1;
				DYLIB_CURRENT_VERSION = 1;
				DYLIB_INSTALL_NAME_BASE = "@rpath";
				ENABLE_BITCODE = YES;
				FRAMEWORK_SEARCH_PATHS = (
					"$(inherited)",
					"$(PLATFORM_DIR)/Developer/Library/Frameworks",
				);
				INFOPLIST_FILE = "$(SRCROOT)/Sources/Info.plist";
				INSTALL_PATH = "$(LOCAL_LIBRARY_DIR)/Frameworks";
				LD_RUNPATH_SEARCH_PATHS = (
					"$(inherited)",
					"@executable_path/../Frameworks",
				);
				MACOSX_DEPLOYMENT_TARGET = 10.11;
				PRODUCT_BUNDLE_IDENTIFIER = "com.karmarama.Bind-macOS";
				PRODUCT_NAME = Bind;
				SDKROOT = macosx;
				SKIP_INSTALL = YES;
				SWIFT_VERSION = 5.0;
				VERSIONING_SYSTEM = "apple-generic";
			};
			name = Debug;
		};
		DBDAE12870FA0E3DE5462F89 /* Debug */ = {
			isa = XCBuildConfiguration;
			buildSettings = {
				APPLICATION_EXTENSION_API_ONLY = YES;
				CODE_SIGN_IDENTITY = "";
				CURRENT_PROJECT_VERSION = 1;
				DEFINES_MODULE = YES;
				DYLIB_COMPATIBILITY_VERSION = 1;
				DYLIB_CURRENT_VERSION = 1;
				DYLIB_INSTALL_NAME_BASE = "@rpath";
				ENABLE_BITCODE = YES;
				FRAMEWORK_SEARCH_PATHS = "";
				INFOPLIST_FILE = "$(SRCROOT)/Sources/Info.plist";
				INSTALL_PATH = "$(LOCAL_LIBRARY_DIR)/Frameworks";
				LD_RUNPATH_SEARCH_PATHS = (
					"$(inherited)",
					"@executable_path/Frameworks",
				);
				PRODUCT_BUNDLE_IDENTIFIER = "com.karmarama.Bind-iOS";
				PRODUCT_NAME = Bind;
				SDKROOT = iphoneos;
				SKIP_INSTALL = YES;
				SWIFT_VERSION = 5.0;
				TARGETED_DEVICE_FAMILY = "1,2";
				VERSIONING_SYSTEM = "apple-generic";
			};
			name = Debug;
		};
/* End XCBuildConfiguration section */

/* Begin XCConfigurationList section */
		066016ECB25C1A9984BCDFA9 /* Build configuration list for PBXNativeTarget "Bind_iOS" */ = {
			isa = XCConfigurationList;
			buildConfigurations = (
				DBDAE12870FA0E3DE5462F89 /* Debug */,
				07DE7227D0EC2B9939EB4B7E /* Release */,
			);
			defaultConfigurationIsVisible = 0;
			defaultConfigurationName = "";
		};
		948052F99AE6614970592DB6 /* Build configuration list for PBXProject "Bind" */ = {
			isa = XCConfigurationList;
			buildConfigurations = (
				665221B89036452AB618F2F0 /* Debug */,
				CD8B01629DFD2B1BBC6B4D04 /* Release */,
			);
			defaultConfigurationIsVisible = 0;
			defaultConfigurationName = Debug;
		};
		9CC0B9A3919ACD1F571B2BD9 /* Build configuration list for PBXNativeTarget "Bind_watchOS" */ = {
			isa = XCConfigurationList;
			buildConfigurations = (
				1746FF085E31832CC4F9B88D /* Debug */,
				7228E5D92C67728FDD1580FB /* Release */,
			);
			defaultConfigurationIsVisible = 0;
			defaultConfigurationName = "";
		};
		9ECBF332D78BD409EB9D2C28 /* Build configuration list for PBXNativeTarget "Bind_tvOS" */ = {
			isa = XCConfigurationList;
			buildConfigurations = (
				6CEA400285446E4D891D0164 /* Debug */,
				8B0FCE5677C3A736B592EADB /* Release */,
			);
			defaultConfigurationIsVisible = 0;
			defaultConfigurationName = "";
		};
		9EFAAA9C50F1813C278BBD8A /* Build configuration list for PBXNativeTarget "Bind_macOS" */ = {
			isa = XCConfigurationList;
			buildConfigurations = (
				D98BDA3ADB47D8CAAFD5A74D /* Debug */,
				9392092A5ED5EE56E47A60FA /* Release */,
			);
			defaultConfigurationIsVisible = 0;
			defaultConfigurationName = "";
		};
		BF8921212BB2D45DF374FFB0 /* Build configuration list for PBXNativeTarget "BindTests_iOS" */ = {
			isa = XCConfigurationList;
			buildConfigurations = (
				7591182AD03135A0F2C79184 /* Debug */,
				D38DA08D1EE0DE33A24C1897 /* Release */,
			);
			defaultConfigurationIsVisible = 0;
			defaultConfigurationName = "";
		};
		DBF8436987A3C11E02120404 /* Build configuration list for PBXNativeTarget "BindTests_tvOS" */ = {
			isa = XCConfigurationList;
			buildConfigurations = (
				39EA3CB78096A72A05C740BD /* Debug */,
				AEFBBBCD897535612548539C /* Release */,
			);
			defaultConfigurationIsVisible = 0;
			defaultConfigurationName = "";
		};
		DF70CCA57351C7887D683BDC /* Build configuration list for PBXNativeTarget "BindTests_macOS" */ = {
			isa = XCConfigurationList;
			buildConfigurations = (
				4D73607E5AAD0A67871AC99A /* Debug */,
				8D020D6BAC5A8F868E63876A /* Release */,
			);
			defaultConfigurationIsVisible = 0;
			defaultConfigurationName = "";
		};
		F0AD7FD5D7D722CD50AD7D1D /* Build configuration list for PBXNativeTarget "BindTests_watchOS" */ = {
			isa = XCConfigurationList;
			buildConfigurations = (
				97E1A85B595EC8BFC9B62219 /* Debug */,
				87F37A08C319B7C67315782D /* Release */,
			);
			defaultConfigurationIsVisible = 0;
			defaultConfigurationName = "";
		};
/* End XCConfigurationList section */
	};
	rootObject = 56C63F0BCC335BE0DBA6D481 /* Project object */;
}
